
Microsoft Visual Studio Solution File, Format Version 12.00
# Visual Studio 2013
VisualStudioVersion = 12.0.31101.0
MinimumVisualStudioVersion = 10.0.40219.1
Project("{FAE04EC0-301F-11D3-BF4B-00C04F79EFBC}") = "SportsStore.Domain", "SportsStore.Domain\SportsStore.Domain.csproj", "{14DAD5C6-E2A9-46B2-8857-0AEBE593E89F}"
EndProject
Project("{FAE04EC0-301F-11D3-BF4B-00C04F79EFBC}") = "SportsStore.WebUI", "SportsStore.WebUI\SportsStore.WebUI.csproj", "{204E8171-229C-42C6-A1E6-BD3C496ADB8C}"
EndProject
Project("{FAE04EC0-301F-11D3-BF4B-00C04F79EFBC}") = "SportsStore.UnitTest", "SportsStore.UnitTest\SportsStore.UnitTest.csproj", "{5F35548F-9D5F-46C7-94ED-38C0EEBA3EA0}"
EndProject
Global
	GlobalSection(SolutionConfigurationPlatforms) = preSolution
		Debug|Any CPU = Debug|Any CPU
		Release|Any CPU = Release|Any CPU
	EndGlobalSection
	GlobalSection(ProjectConfigurationPlatforms) = postSolution
		{14DAD5C6-E2A9-46B2-8857-0AEBE593E89F}.Debug|Any CPU.ActiveCfg = Debug|Any CPU
		{14DAD5C6-E2A9-46B2-8857-0AEBE593E89F}.Debug|Any CPU.Build.0 = Debug|Any CPU
		{14DAD5C6-E2A9-46B2-8857-0AEBE593E89F}.Release|Any CPU.ActiveCfg = Release|Any CPU
		{14DAD5C6-E2A9-46B2-8857-0AEBE593E89F}.Release|Any CPU.Build.0 = Release|Any CPU
		{204E8171-229C-42C6-A1E6-BD3C496ADB8C}.Debug|Any CPU.ActiveCfg = Debug|Any CPU
		{204E8171-229C-42C6-A1E6-BD3C496ADB8C}.Debug|Any CPU.Build.0 = Debug|Any CPU
		{204E8171-229C-42C6-A1E6-BD3C496ADB8C}.Release|Any CPU.ActiveCfg = Release|Any CPU
		{204E8171-229C-42C6-A1E6-BD3C496ADB8C}.Release|Any CPU.Build.0 = Release|Any CPU
		{5F35548F-9D5F-46C7-94ED-38C0EEBA3EA0}.Debug|Any CPU.ActiveCfg = Debug|Any CPU
		{5F35548F-9D5F-46C7-94ED-38C0EEBA3EA0}.Debug|Any CPU.Build.0 = Debug|Any CPU
		{5F35548F-9D5F-46C7-94ED-38C0EEBA3EA0}.Release|Any CPU.ActiveCfg = Release|Any CPU
		{5F35548F-9D5F-46C7-94ED-38C0EEBA3EA0}.Release|Any CPU.Build.0 = Release|Any CPU
	EndGlobalSection
	GlobalSection(SolutionProperties) = preSolution
		HideSolutionNode = FALSE
	EndGlobalSection
EndGlobal
